
Microsoft Visual Studio Solution File, Format Version 12.00
# Visual Studio Version 16
VisualStudioVersion = 16.0.30711.63
MinimumVisualStudioVersion = 10.0.40219.1
Project("{FAE04EC0-301F-11D3-BF4B-00C04F79EFBC}") = "Task02", "Task02\Task02.csproj", "{5660FD32-4F30-49E3-BD9D-D71D887ACDE0}"
EndProject
Global
	GlobalSection(SolutionConfigurationPlatforms) = preSolution
		Debug|Any CPU = Debug|Any CPU
		Release|Any CPU = Release|Any CPU
	EndGlobalSection
	GlobalSection(ProjectConfigurationPlatforms) = postSolution
		{5660FD32-4F30-49E3-BD9D-D71D887ACDE0}.Debug|Any CPU.ActiveCfg = Debug|Any CPU
		{5660FD32-4F30-49E3-BD9D-D71D887ACDE0}.Debug|Any CPU.Build.0 = Debug|Any CPU
		{5660FD32-4F30-49E3-BD9D-D71D887ACDE0}.Release|Any CPU.ActiveCfg = Release|Any CPU
		{5660FD32-4F30-49E3-BD9D-D71D887ACDE0}.Release|Any CPU.Build.0 = Release|Any CPU
	EndGlobalSection
	GlobalSection(SolutionProperties) = preSolution
		HideSolutionNode = FALSE
	EndGlobalSection
	GlobalSection(ExtensibilityGlobals) = postSolution
		SolutionGuid = {A02DC0E3-9885-4282-B2FB-0D50701D64EF}
	EndGlobalSection
EndGlobal
