
Microsoft Visual Studio Solution File, Format Version 12.00
# Visual Studio Version 16
VisualStudioVersion = 16.0.30804.86
MinimumVisualStudioVersion = 10.0.40219.1
Project("{FAE04EC0-301F-11D3-BF4B-00C04F79EFBC}") = "Task03", "Task03\Task03.csproj", "{A3E6137D-5B51-4B8E-AA2A-065660BBB53D}"
EndProject
Project("{FAE04EC0-301F-11D3-BF4B-00C04F79EFBC}") = "Task03Tests", "Task03Tests\Task03Tests.csproj", "{A943BC4E-9279-4329-BAB1-63463F10BC38}"
EndProject
Global
	GlobalSection(SolutionConfigurationPlatforms) = preSolution
		Debug|Any CPU = Debug|Any CPU
		Release|Any CPU = Release|Any CPU
	EndGlobalSection
	GlobalSection(ProjectConfigurationPlatforms) = postSolution
		{A3E6137D-5B51-4B8E-AA2A-065660BBB53D}.Debug|Any CPU.ActiveCfg = Debug|Any CPU
		{A3E6137D-5B51-4B8E-AA2A-065660BBB53D}.Debug|Any CPU.Build.0 = Debug|Any CPU
		{A3E6137D-5B51-4B8E-AA2A-065660BBB53D}.Release|Any CPU.ActiveCfg = Release|Any CPU
		{A3E6137D-5B51-4B8E-AA2A-065660BBB53D}.Release|Any CPU.Build.0 = Release|Any CPU
		{A943BC4E-9279-4329-BAB1-63463F10BC38}.Debug|Any CPU.ActiveCfg = Debug|Any CPU
		{A943BC4E-9279-4329-BAB1-63463F10BC38}.Debug|Any CPU.Build.0 = Debug|Any CPU
		{A943BC4E-9279-4329-BAB1-63463F10BC38}.Release|Any CPU.ActiveCfg = Release|Any CPU
		{A943BC4E-9279-4329-BAB1-63463F10BC38}.Release|Any CPU.Build.0 = Release|Any CPU
	EndGlobalSection
	GlobalSection(SolutionProperties) = preSolution
		HideSolutionNode = FALSE
	EndGlobalSection
	GlobalSection(ExtensibilityGlobals) = postSolution
		SolutionGuid = {C3EEA3BD-01B8-47A8-A7EB-EB420BB161F9}
	EndGlobalSection
EndGlobal
